
Microsoft Visual Studio Solution File, Format Version 12.00
# Visual Studio Version 16
VisualStudioVersion = 16.0.32126.315
MinimumVisualStudioVersion = 10.0.40219.1
Project("{9A19103F-16F7-4668-BE54-9A1E7A4F7556}") = "Task1", "Homework_class05\Task1.csproj", "{E55CB7F3-9E61-41BE-B14A-8CB1CFBE736F}"
EndProject
Project("{FAE04EC0-301F-11D3-BF4B-00C04F79EFBC}") = "Task2", "Task2\Task2.csproj", "{9788AA41-0939-4625-AA22-C0BC4A73FB23}"
EndProject
Global
	GlobalSection(SolutionConfigurationPlatforms) = preSolution
		Debug|Any CPU = Debug|Any CPU
		Release|Any CPU = Release|Any CPU
	EndGlobalSection
	GlobalSection(ProjectConfigurationPlatforms) = postSolution
		{E55CB7F3-9E61-41BE-B14A-8CB1CFBE736F}.Debug|Any CPU.ActiveCfg = Debug|Any CPU
		{E55CB7F3-9E61-41BE-B14A-8CB1CFBE736F}.Debug|Any CPU.Build.0 = Debug|Any CPU
		{E55CB7F3-9E61-41BE-B14A-8CB1CFBE736F}.Release|Any CPU.ActiveCfg = Release|Any CPU
		{E55CB7F3-9E61-41BE-B14A-8CB1CFBE736F}.Release|Any CPU.Build.0 = Release|Any CPU
		{9788AA41-0939-4625-AA22-C0BC4A73FB23}.Debug|Any CPU.ActiveCfg = Debug|Any CPU
		{9788AA41-0939-4625-AA22-C0BC4A73FB23}.Debug|Any CPU.Build.0 = Debug|Any CPU
		{9788AA41-0939-4625-AA22-C0BC4A73FB23}.Release|Any CPU.ActiveCfg = Release|Any CPU
		{9788AA41-0939-4625-AA22-C0BC4A73FB23}.Release|Any CPU.Build.0 = Release|Any CPU
	EndGlobalSection
	GlobalSection(SolutionProperties) = preSolution
		HideSolutionNode = FALSE
	EndGlobalSection
	GlobalSection(ExtensibilityGlobals) = postSolution
		SolutionGuid = {612DA479-CF41-4814-8036-1236F4D51691}
	EndGlobalSection
EndGlobal
