
Microsoft Visual Studio Solution File, Format Version 12.00
# Visual Studio Version 16
VisualStudioVersion = 16.0.32126.315
MinimumVisualStudioVersion = 10.0.40219.1
Project("{9A19103F-16F7-4668-BE54-9A1E7A4F7556}") = "Exercise2", "Exercise2\Exercise2.csproj", "{B8131E1A-A351-40F9-A4C9-FC96BA1B01A9}"
EndProject
Project("{FAE04EC0-301F-11D3-BF4B-00C04F79EFBC}") = "Exercise3", "Exercise3\Exercise3.csproj", "{F015DD86-74F3-4922-95E2-93684336C037}"
EndProject
Global
	GlobalSection(SolutionConfigurationPlatforms) = preSolution
		Debug|Any CPU = Debug|Any CPU
		Release|Any CPU = Release|Any CPU
	EndGlobalSection
	GlobalSection(ProjectConfigurationPlatforms) = postSolution
		{B8131E1A-A351-40F9-A4C9-FC96BA1B01A9}.Debug|Any CPU.ActiveCfg = Debug|Any CPU
		{B8131E1A-A351-40F9-A4C9-FC96BA1B01A9}.Debug|Any CPU.Build.0 = Debug|Any CPU
		{B8131E1A-A351-40F9-A4C9-FC96BA1B01A9}.Release|Any CPU.ActiveCfg = Release|Any CPU
		{B8131E1A-A351-40F9-A4C9-FC96BA1B01A9}.Release|Any CPU.Build.0 = Release|Any CPU
		{F015DD86-74F3-4922-95E2-93684336C037}.Debug|Any CPU.ActiveCfg = Debug|Any CPU
		{F015DD86-74F3-4922-95E2-93684336C037}.Debug|Any CPU.Build.0 = Debug|Any CPU
		{F015DD86-74F3-4922-95E2-93684336C037}.Release|Any CPU.ActiveCfg = Release|Any CPU
		{F015DD86-74F3-4922-95E2-93684336C037}.Release|Any CPU.Build.0 = Release|Any CPU
	EndGlobalSection
	GlobalSection(SolutionProperties) = preSolution
		HideSolutionNode = FALSE
	EndGlobalSection
	GlobalSection(ExtensibilityGlobals) = postSolution
		SolutionGuid = {17213B70-59B2-4FCD-88F8-86F6E2E688BA}
	EndGlobalSection
EndGlobal
