
Microsoft Visual Studio Solution File, Format Version 12.00
# Visual Studio Version 16
VisualStudioVersion = 16.0.32126.315
MinimumVisualStudioVersion = 10.0.40219.1
Project("{9A19103F-16F7-4668-BE54-9A1E7A4F7556}") = "Task2", "Task2\Task2.csproj", "{9788AA41-0939-4625-AA22-C0BC4A73FB23}"
EndProject
Project("{9A19103F-16F7-4668-BE54-9A1E7A4F7556}") = "Task1", "Task one\Task1.csproj", "{7E21C07C-036A-4989-B154-6BD0B30C18DC}"
EndProject
Global
	GlobalSection(SolutionConfigurationPlatforms) = preSolution
		Debug|Any CPU = Debug|Any CPU
		Release|Any CPU = Release|Any CPU
	EndGlobalSection
	GlobalSection(ProjectConfigurationPlatforms) = postSolution
		{9788AA41-0939-4625-AA22-C0BC4A73FB23}.Debug|Any CPU.ActiveCfg = Debug|Any CPU
		{9788AA41-0939-4625-AA22-C0BC4A73FB23}.Debug|Any CPU.Build.0 = Debug|Any CPU
		{9788AA41-0939-4625-AA22-C0BC4A73FB23}.Release|Any CPU.ActiveCfg = Release|Any CPU
		{9788AA41-0939-4625-AA22-C0BC4A73FB23}.Release|Any CPU.Build.0 = Release|Any CPU
		{7E21C07C-036A-4989-B154-6BD0B30C18DC}.Debug|Any CPU.ActiveCfg = Debug|Any CPU
		{7E21C07C-036A-4989-B154-6BD0B30C18DC}.Debug|Any CPU.Build.0 = Debug|Any CPU
		{7E21C07C-036A-4989-B154-6BD0B30C18DC}.Release|Any CPU.ActiveCfg = Release|Any CPU
		{7E21C07C-036A-4989-B154-6BD0B30C18DC}.Release|Any CPU.Build.0 = Release|Any CPU
	EndGlobalSection
	GlobalSection(SolutionProperties) = preSolution
		HideSolutionNode = FALSE
	EndGlobalSection
	GlobalSection(ExtensibilityGlobals) = postSolution
		SolutionGuid = {612DA479-CF41-4814-8036-1236F4D51691}
	EndGlobalSection
EndGlobal
